// !$*UTF8*$!
{
	archiveVersion = 1;
	classes = {
	};
	objectVersion = 46;
	objects = {

/* Begin PBXBuildFile section */
		3737B24E1DE8323C005D7CD9 /* AppDelegate.swift in Sources */ = {isa = PBXBuildFile; fileRef = 3737B24D1DE8323C005D7CD9 /* AppDelegate.swift */; };
		3737B2501DE8323C005D7CD9 /* ViewController.swift in Sources */ = {isa = PBXBuildFile; fileRef = 3737B24F1DE8323C005D7CD9 /* ViewController.swift */; };
		3737B2521DE8323C005D7CD9 /* Assets.xcassets in Resources */ = {isa = PBXBuildFile; fileRef = 3737B2511DE8323C005D7CD9 /* Assets.xcassets */; };
		3737B2551DE8323C005D7CD9 /* Main.storyboard in Resources */ = {isa = PBXBuildFile; fileRef = 3737B2531DE8323C005D7CD9 /* Main.storyboard */; };
		3737B25D1DE83704005D7CD9 /* WindowController.swift in Sources */ = {isa = PBXBuildFile; fileRef = 3737B25C1DE83704005D7CD9 /* WindowController.swift */; };
		3737B26F1DE8409C005D7CD9 /* SomenView.swift in Sources */ = {isa = PBXBuildFile; fileRef = 3737B26E1DE8409C005D7CD9 /* SomenView.swift */; };
		37ADBCE81DEE9B6D00237BCD /* SocketManager.swift in Sources */ = {isa = PBXBuildFile; fileRef = 37ADBCE71DEE9B6D00237BCD /* SocketManager.swift */; };
		83C0FB483387ABCFDF300153 /* Pods_TouchSomen.framework in Frameworks */ = {isa = PBXBuildFile; fileRef = B7854060CB0FFA971047F7FE /* Pods_TouchSomen.framework */; };
/* End PBXBuildFile section */

/* Begin PBXFileReference section */
		3737B24A1DE8323B005D7CD9 /* TouchSomen.app */ = {isa = PBXFileReference; explicitFileType = wrapper.application; includeInIndex = 0; path = TouchSomen.app; sourceTree = BUILT_PRODUCTS_DIR; };
		3737B24D1DE8323C005D7CD9 /* AppDelegate.swift */ = {isa = PBXFileReference; lastKnownFileType = sourcecode.swift; path = AppDelegate.swift; sourceTree = "<group>"; };
		3737B24F1DE8323C005D7CD9 /* ViewController.swift */ = {isa = PBXFileReference; lastKnownFileType = sourcecode.swift; path = ViewController.swift; sourceTree = "<group>"; };
		3737B2511DE8323C005D7CD9 /* Assets.xcassets */ = {isa = PBXFileReference; lastKnownFileType = folder.assetcatalog; path = Assets.xcassets; sourceTree = "<group>"; };
		3737B2541DE8323C005D7CD9 /* Base */ = {isa = PBXFileReference; lastKnownFileType = file.storyboard; name = Base; path = Base.lproj/Main.storyboard; sourceTree = "<group>"; };
		3737B2561DE8323C005D7CD9 /* Info.plist */ = {isa = PBXFileReference; lastKnownFileType = text.plist.xml; path = Info.plist; sourceTree = "<group>"; };
		3737B25C1DE83704005D7CD9 /* WindowController.swift */ = {isa = PBXFileReference; fileEncoding = 4; lastKnownFileType = sourcecode.swift; path = WindowController.swift; sourceTree = "<group>"; };
		3737B26E1DE8409C005D7CD9 /* SomenView.swift */ = {isa = PBXFileReference; fileEncoding = 4; lastKnownFileType = sourcecode.swift; path = SomenView.swift; sourceTree = "<group>"; };
		37ADBCE71DEE9B6D00237BCD /* SocketManager.swift */ = {isa = PBXFileReference; fileEncoding = 4; lastKnownFileType = sourcecode.swift; path = SocketManager.swift; sourceTree = "<group>"; };
		5A48A88004EB21050049065F /* Pods-TouchSomen.release.xcconfig */ = {isa = PBXFileReference; includeInIndex = 1; lastKnownFileType = text.xcconfig; name = "Pods-TouchSomen.release.xcconfig"; path = "Pods/Target Support Files/Pods-TouchSomen/Pods-TouchSomen.release.xcconfig"; sourceTree = "<group>"; };
		882230CC5857C0B3ABBA241B /* Pods-TouchSomen.debug.xcconfig */ = {isa = PBXFileReference; includeInIndex = 1; lastKnownFileType = text.xcconfig; name = "Pods-TouchSomen.debug.xcconfig"; path = "Pods/Target Support Files/Pods-TouchSomen/Pods-TouchSomen.debug.xcconfig"; sourceTree = "<group>"; };
		B7854060CB0FFA971047F7FE /* Pods_TouchSomen.framework */ = {isa = PBXFileReference; explicitFileType = wrapper.framework; includeInIndex = 0; path = Pods_TouchSomen.framework; sourceTree = BUILT_PRODUCTS_DIR; };
/* End PBXFileReference section */

/* Begin PBXFrameworksBuildPhase section */
		3737B2471DE8323B005D7CD9 /* Frameworks */ = {
			isa = PBXFrameworksBuildPhase;
			buildActionMask = 2147483647;
			files = (
				83C0FB483387ABCFDF300153 /* Pods_TouchSomen.framework in Frameworks */,
			);
			runOnlyForDeploymentPostprocessing = 0;
		};
/* End PBXFrameworksBuildPhase section */

/* Begin PBXGroup section */
		3737B2411DE8323B005D7CD9 = {
			isa = PBXGroup;
			children = (
				3737B24C1DE8323B005D7CD9 /* TouchSomen */,
				3737B24B1DE8323B005D7CD9 /* Products */,
				B69719E0C3BBDCE54A3C0196 /* Pods */,
				8176FEEC305E50F720A4BB3B /* Frameworks */,
			);
			sourceTree = "<group>";
		};
		3737B24B1DE8323B005D7CD9 /* Products */ = {
			isa = PBXGroup;
			children = (
				3737B24A1DE8323B005D7CD9 /* TouchSomen.app */,
			);
			name = Products;
			sourceTree = "<group>";
		};
		3737B24C1DE8323B005D7CD9 /* TouchSomen */ = {
			isa = PBXGroup;
			children = (
				3737B24D1DE8323C005D7CD9 /* AppDelegate.swift */,
				3737B26E1DE8409C005D7CD9 /* SomenView.swift */,
				3737B24F1DE8323C005D7CD9 /* ViewController.swift */,
				3737B2511DE8323C005D7CD9 /* Assets.xcassets */,
				3737B2531DE8323C005D7CD9 /* Main.storyboard */,
				3737B2561DE8323C005D7CD9 /* Info.plist */,
				3737B25C1DE83704005D7CD9 /* WindowController.swift */,
				37ADBCE71DEE9B6D00237BCD /* SocketManager.swift */,
			);
			path = TouchSomen;
			sourceTree = "<group>";
		};
		8176FEEC305E50F720A4BB3B /* Frameworks */ = {
			isa = PBXGroup;
			children = (
				B7854060CB0FFA971047F7FE /* Pods_TouchSomen.framework */,
			);
			name = Frameworks;
			sourceTree = "<group>";
		};
		B69719E0C3BBDCE54A3C0196 /* Pods */ = {
			isa = PBXGroup;
			children = (
				882230CC5857C0B3ABBA241B /* Pods-TouchSomen.debug.xcconfig */,
				5A48A88004EB21050049065F /* Pods-TouchSomen.release.xcconfig */,
			);
			name = Pods;
			sourceTree = "<group>";
		};
/* End PBXGroup section */

/* Begin PBXNativeTarget section */
		3737B2491DE8323B005D7CD9 /* TouchSomen */ = {
			isa = PBXNativeTarget;
			buildConfigurationList = 3737B2591DE8323C005D7CD9 /* Build configuration list for PBXNativeTarget "TouchSomen" */;
			buildPhases = (
				B7F32974D5B8D669B5F22ACB /* [CP] Check Pods Manifest.lock */,
				3737B2461DE8323B005D7CD9 /* Sources */,
				3737B2471DE8323B005D7CD9 /* Frameworks */,
				3737B2481DE8323B005D7CD9 /* Resources */,
				F8C4B940744AADA636B24033 /* [CP] Embed Pods Frameworks */,
				1B495E0D2C1F36AC882803B2 /* [CP] Copy Pods Resources */,
			);
			buildRules = (
			);
			dependencies = (
			);
			name = TouchSomen;
			productName = TouchSomen;
			productReference = 3737B24A1DE8323B005D7CD9 /* TouchSomen.app */;
			productType = "com.apple.product-type.application";
		};
/* End PBXNativeTarget section */

/* Begin PBXProject section */
		3737B2421DE8323B005D7CD9 /* Project object */ = {
			isa = PBXProject;
			attributes = {
				LastSwiftUpdateCheck = 0810;
				LastUpgradeCheck = 0810;
				ORGANIZATIONNAME = "S. Murakami";
				TargetAttributes = {
					3737B2491DE8323B005D7CD9 = {
						CreatedOnToolsVersion = 8.1;
						ProvisioningStyle = Automatic;
					};
				};
			};
			buildConfigurationList = 3737B2451DE8323B005D7CD9 /* Build configuration list for PBXProject "TouchSomen" */;
			compatibilityVersion = "Xcode 3.2";
			developmentRegion = English;
			hasScannedForEncodings = 0;
			knownRegions = (
				en,
				Base,
			);
			mainGroup = 3737B2411DE8323B005D7CD9;
			productRefGroup = 3737B24B1DE8323B005D7CD9 /* Products */;
			projectDirPath = "";
			projectRoot = "";
			targets = (
				3737B2491DE8323B005D7CD9 /* TouchSomen */,
			);
		};
/* End PBXProject section */

/* Begin PBXResourcesBuildPhase section */
		3737B2481DE8323B005D7CD9 /* Resources */ = {
			isa = PBXResourcesBuildPhase;
			buildActionMask = 2147483647;
			files = (
				3737B2521DE8323C005D7CD9 /* Assets.xcassets in Resources */,
				3737B2551DE8323C005D7CD9 /* Main.storyboard in Resources */,
			);
			runOnlyForDeploymentPostprocessing = 0;
		};
/* End PBXResourcesBuildPhase section */

/* Begin PBXShellScriptBuildPhase section */
		1B495E0D2C1F36AC882803B2 /* [CP] Copy Pods Resources */ = {
			isa = PBXShellScriptBuildPhase;
			buildActionMask = 2147483647;
			files = (
			);
			inputPaths = (
			);
			name = "[CP] Copy Pods Resources";
			outputPaths = (
			);
			runOnlyForDeploymentPostprocessing = 0;
			shellPath = /bin/sh;
			shellScript = "\"${SRCROOT}/Pods/Target Support Files/Pods-TouchSomen/Pods-TouchSomen-resources.sh\"\n";
			showEnvVarsInLog = 0;
		};
		B7F32974D5B8D669B5F22ACB /* [CP] Check Pods Manifest.lock */ = {
			isa = PBXShellScriptBuildPhase;
			buildActionMask = 2147483647;
			files = (
			);
			inputPaths = (
			);
			name = "[CP] Check Pods Manifest.lock";
			outputPaths = (
			);
			runOnlyForDeploymentPostprocessing = 0;
			shellPath = /bin/sh;
			shellScript = "diff \"${PODS_ROOT}/../Podfile.lock\" \"${PODS_ROOT}/Manifest.lock\" > /dev/null\nif [ $? != 0 ] ; then\n    # print error to STDERR\n    echo \"error: The sandbox is not in sync with the Podfile.lock. Run 'pod install' or update your CocoaPods installation.\" >&2\n    exit 1\nfi\n";
			showEnvVarsInLog = 0;
		};
		F8C4B940744AADA636B24033 /* [CP] Embed Pods Frameworks */ = {
			isa = PBXShellScriptBuildPhase;
			buildActionMask = 2147483647;
			files = (
			);
			inputPaths = (
			);
			name = "[CP] Embed Pods Frameworks";
			outputPaths = (
			);
			runOnlyForDeploymentPostprocessing = 0;
			shellPath = /bin/sh;
			shellScript = "\"${SRCROOT}/Pods/Target Support Files/Pods-TouchSomen/Pods-TouchSomen-frameworks.sh\"\n";
			showEnvVarsInLog = 0;
		};
/* End PBXShellScriptBuildPhase section */

/* Begin PBXSourcesBuildPhase section */
		3737B2461DE8323B005D7CD9 /* Sources */ = {
			isa = PBXSourcesBuildPhase;
			buildActionMask = 2147483647;
			files = (
				3737B2501DE8323C005D7CD9 /* ViewController.swift in Sources */,
				37ADBCE81DEE9B6D00237BCD /* SocketManager.swift in Sources */,
				3737B25D1DE83704005D7CD9 /* WindowController.swift in Sources */,
				3737B24E1DE8323C005D7CD9 /* AppDelegate.swift in Sources */,
				3737B26F1DE8409C005D7CD9 /* SomenView.swift in Sources */,
			);
			runOnlyForDeploymentPostprocessing = 0;
		};
/* End PBXSourcesBuildPhase section */

/* Begin PBXVariantGroup section */
		3737B2531DE8323C005D7CD9 /* Main.storyboard */ = {
			isa = PBXVariantGroup;
			children = (
				3737B2541DE8323C005D7CD9 /* Base */,
			);
			name = Main.storyboard;
			sourceTree = "<group>";
		};
/* End PBXVariantGroup section */

/* Begin XCBuildConfiguration section */
		3737B2571DE8323C005D7CD9 /* Debug */ = {
			isa = XCBuildConfiguration;
			buildSettings = {
				ALWAYS_SEARCH_USER_PATHS = NO;
				CLANG_ANALYZER_NONNULL = YES;
				CLANG_CXX_LANGUAGE_STANDARD = "gnu++0x";
				CLANG_CXX_LIBRARY = "libc++";
				CLANG_ENABLE_MODULES = YES;
				CLANG_ENABLE_OBJC_ARC = YES;
				CLANG_WARN_BOOL_CONVERSION = YES;
				CLANG_WARN_CONSTANT_CONVERSION = YES;
				CLANG_WARN_DIRECT_OBJC_ISA_USAGE = YES_ERROR;
				CLANG_WARN_DOCUMENTATION_COMMENTS = YES;
				CLANG_WARN_EMPTY_BODY = YES;
				CLANG_WARN_ENUM_CONVERSION = YES;
				CLANG_WARN_INFINITE_RECURSION = YES;
				CLANG_WARN_INT_CONVERSION = YES;
				CLANG_WARN_OBJC_ROOT_CLASS = YES_ERROR;
				CLANG_WARN_SUSPICIOUS_MOVES = YES;
				CLANG_WARN_UNREACHABLE_CODE = YES;
				CLANG_WARN__DUPLICATE_METHOD_MATCH = YES;
				CODE_SIGN_IDENTITY = "-";
				COPY_PHASE_STRIP = NO;
				DEBUG_INFORMATION_FORMAT = dwarf;
				ENABLE_STRICT_OBJC_MSGSEND = YES;
				ENABLE_TESTABILITY = YES;
				GCC_C_LANGUAGE_STANDARD = gnu99;
				GCC_DYNAMIC_NO_PIC = NO;
				GCC_NO_COMMON_BLOCKS = YES;
				GCC_OPTIMIZATION_LEVEL = 0;
				GCC_PREPROCESSOR_DEFINITIONS = (
					"DEBUG=1",
					"$(inherited)",
				);
				GCC_WARN_64_TO_32_BIT_CONVERSION = YES;
				GCC_WARN_ABOUT_RETURN_TYPE = YES_ERROR;
				GCC_WARN_UNDECLARED_SELECTOR = YES;
				GCC_WARN_UNINITIALIZED_AUTOS = YES_AGGRESSIVE;
				GCC_WARN_UNUSED_FUNCTION = YES;
				GCC_WARN_UNUSED_VARIABLE = YES;
				MACOSX_DEPLOYMENT_TARGET = 10.12.1;
				MTL_ENABLE_DEBUG_INFO = YES;
				ONLY_ACTIVE_ARCH = YES;
				SDKROOT = macosx;
				SWIFT_ACTIVE_COMPILATION_CONDITIONS = DEBUG;
				SWIFT_OPTIMIZATION_LEVEL = "-Onone";
			};
			name = Debug;
		};
		3737B2581DE8323C005D7CD9 /* Release */ = {
			isa = XCBuildConfiguration;
			buildSettings = {
				ALWAYS_SEARCH_USER_PATHS = NO;
				CLANG_ANALYZER_NONNULL = YES;
				CLANG_CXX_LANGUAGE_STANDARD = "gnu++0x";
				CLANG_CXX_LIBRARY = "libc++";
				CLANG_ENABLE_MODULES = YES;
				CLANG_ENABLE_OBJC_ARC = YES;
				CLANG_WARN_BOOL_CONVERSION = YES;
				CLANG_WARN_CONSTANT_CONVERSION = YES;
				CLANG_WARN_DIRECT_OBJC_ISA_USAGE = YES_ERROR;
				CLANG_WARN_DOCUMENTATION_COMMENTS = YES;
				CLANG_WARN_EMPTY_BODY = YES;
				CLANG_WARN_ENUM_CONVERSION = YES;
				CLANG_WARN_INFINITE_RECURSION = YES;
				CLANG_WARN_INT_CONVERSION = YES;
				CLANG_WARN_OBJC_ROOT_CLASS = YES_ERROR;
				CLANG_WARN_SUSPICIOUS_MOVES = YES;
				CLANG_WARN_UNREACHABLE_CODE = YES;
				CLANG_WARN__DUPLICATE_METHOD_MATCH = YES;
				CODE_SIGN_IDENTITY = "-";
				COPY_PHASE_STRIP = NO;
				DEBUG_INFORMATION_FORMAT = "dwarf-with-dsym";
				ENABLE_NS_ASSERTIONS = NO;
				ENABLE_STRICT_OBJC_MSGSEND = YES;
				GCC_C_LANGUAGE_STANDARD = gnu99;
				GCC_NO_COMMON_BLOCKS = YES;
				GCC_WARN_64_TO_32_BIT_CONVERSION = YES;
				GCC_WARN_ABOUT_RETURN_TYPE = YES_ERROR;
				GCC_WARN_UNDECLARED_SELECTOR = YES;
				GCC_WARN_UNINITIALIZED_AUTOS = YES_AGGRESSIVE;
				GCC_WARN_UNUSED_FUNCTION = YES;
				GCC_WARN_UNUSED_VARIABLE = YES;
				MACOSX_DEPLOYMENT_TARGET = 10.12.1;
				MTL_ENABLE_DEBUG_INFO = NO;
				SDKROOT = macosx;
				SWIFT_OPTIMIZATION_LEVEL = "-Owholemodule";
			};
			name = Release;
		};
		3737B25A1DE8323C005D7CD9 /* Debug */ = {
			isa = XCBuildConfiguration;
			baseConfigurationReference = 882230CC5857C0B3ABBA241B /* Pods-TouchSomen.debug.xcconfig */;
			buildSettings = {
				ASSETCATALOG_COMPILER_APPICON_NAME = AppIcon;
				COMBINE_HIDPI_IMAGES = YES;
				INFOPLIST_FILE = TouchSomen/Info.plist;
				LD_RUNPATH_SEARCH_PATHS = "$(inherited) @executable_path/../Frameworks";
				MACOSX_DEPLOYMENT_TARGET = 10.12.1;
				PRODUCT_BUNDLE_IDENTIFIER = edu.self.TouchSomen;
				PRODUCT_NAME = "$(TARGET_NAME)";
				SWIFT_VERSION = 3.0;
			};
			name = Debug;
		};
		3737B25B1DE8323C005D7CD9 /* Release */ = {
			isa = XCBuildConfiguration;
			baseConfigurationReference = 5A48A88004EB21050049065F /* Pods-TouchSomen.release.xcconfig */;
			buildSettings = {
				ASSETCATALOG_COMPILER_APPICON_NAME = AppIcon;
				COMBINE_HIDPI_IMAGES = YES;
				INFOPLIST_FILE = TouchSomen/Info.plist;
				LD_RUNPATH_SEARCH_PATHS = "$(inherited) @executable_path/../Frameworks";
				MACOSX_DEPLOYMENT_TARGET = 10.12.1;
				PRODUCT_BUNDLE_IDENTIFIER = edu.self.TouchSomen;
				PRODUCT_NAME = "$(TARGET_NAME)";
				SWIFT_VERSION = 3.0;
			};
			name = Release;
		};
/* End XCBuildConfiguration section */

/* Begin XCConfigurationList section */
		3737B2451DE8323B005D7CD9 /* Build configuration list for PBXProject "TouchSomen" */ = {
			isa = XCConfigurationList;
			buildConfigurations = (
				3737B2571DE8323C005D7CD9 /* Debug */,
				3737B2581DE8323C005D7CD9 /* Release */,
			);
			defaultConfigurationIsVisible = 0;
			defaultConfigurationName = Release;
		};
		3737B2591DE8323C005D7CD9 /* Build configuration list for PBXNativeTarget "TouchSomen" */ = {
			isa = XCConfigurationList;
			buildConfigurations = (
				3737B25A1DE8323C005D7CD9 /* Debug */,
				3737B25B1DE8323C005D7CD9 /* Release */,
			);
			defaultConfigurationIsVisible = 0;
			defaultConfigurationName = Release;
		};
/* End XCConfigurationList section */
	};
	rootObject = 3737B2421DE8323B005D7CD9 /* Project object */;
}
